{
    "name": "open-wiki-edit-page",
    "version": "0.3.0",
    "lockfileVersion": 1,
    "requires": true,
    "dependencies": {
        "webextension-polyfill": {
            "version": "0.2.1",
            "resolved": "https://registry.npmjs.org/webextension-polyfill/-/webextension-polyfill-0.2.1.tgz",
            "integrity": "sha1-zfyRJgMwOfFxNVMVfTW+/x1Nb0o="
        }
    }
}
